
Microsoft Visual Studio Solution File, Format Version 12.00
# Visual Studio Version 17
VisualStudioVersion = 17.9.34622.214
MinimumVisualStudioVersion = 10.0.40219.1
Project("{FAE04EC0-301F-11D3-BF4B-00C04F79EFBC}") = "MAUI03", "MAUI03\MAUI03.csproj", "{C549A11F-3C79-4AD5-AB62-D441CAFF0BED}"
EndProject
Global
	GlobalSection(SolutionConfigurationPlatforms) = preSolution
		Debug|Any CPU = Debug|Any CPU
		Release|Any CPU = Release|Any CPU
	EndGlobalSection
	GlobalSection(ProjectConfigurationPlatforms) = postSolution
		{C549A11F-3C79-4AD5-AB62-D441CAFF0BED}.Debug|Any CPU.ActiveCfg = Debug|Any CPU
		{C549A11F-3C79-4AD5-AB62-D441CAFF0BED}.Debug|Any CPU.Build.0 = Debug|Any CPU
		{C549A11F-3C79-4AD5-AB62-D441CAFF0BED}.Debug|Any CPU.Deploy.0 = Debug|Any CPU
		{C549A11F-3C79-4AD5-AB62-D441CAFF0BED}.Release|Any CPU.ActiveCfg = Release|Any CPU
		{C549A11F-3C79-4AD5-AB62-D441CAFF0BED}.Release|Any CPU.Build.0 = Release|Any CPU
		{C549A11F-3C79-4AD5-AB62-D441CAFF0BED}.Release|Any CPU.Deploy.0 = Release|Any CPU
	EndGlobalSection
	GlobalSection(SolutionProperties) = preSolution
		HideSolutionNode = FALSE
	EndGlobalSection
	GlobalSection(ExtensibilityGlobals) = postSolution
		SolutionGuid = {F6D9C055-1544-4DC5-8951-7FF445CA349C}
	EndGlobalSection
EndGlobal
